
Microsoft Visual Studio Solution File, Format Version 12.00
# Visual Studio 15
VisualStudioVersion = 15.0.27004.2005
MinimumVisualStudioVersion = 10.0.40219.1
Project("{FAE04EC0-301F-11D3-BF4B-00C04F79EFBC}") = "SimpleCalculator", "SimpleCalculator\SimpleCalculator.csproj", "{2A51EC8F-C94D-4D1F-B33A-071750540777}"
EndProject
Project("{FAE04EC0-301F-11D3-BF4B-00C04F79EFBC}") = "SimpleCalculator.Tests", "SimpleCalculator.Tests\SimpleCalculator.Tests.csproj", "{D7EDACA5-BA30-4527-AA1A-1B6DFB0C3398}"
EndProject
Global
	GlobalSection(SolutionConfigurationPlatforms) = preSolution
		Debug|Any CPU = Debug|Any CPU
		Release|Any CPU = Release|Any CPU
	EndGlobalSection
	GlobalSection(ProjectConfigurationPlatforms) = postSolution
		{2A51EC8F-C94D-4D1F-B33A-071750540777}.Debug|Any CPU.ActiveCfg = Debug|Any CPU
		{2A51EC8F-C94D-4D1F-B33A-071750540777}.Debug|Any CPU.Build.0 = Debug|Any CPU
		{2A51EC8F-C94D-4D1F-B33A-071750540777}.Release|Any CPU.ActiveCfg = Release|Any CPU
		{2A51EC8F-C94D-4D1F-B33A-071750540777}.Release|Any CPU.Build.0 = Release|Any CPU
		{D7EDACA5-BA30-4527-AA1A-1B6DFB0C3398}.Debug|Any CPU.ActiveCfg = Debug|Any CPU
		{D7EDACA5-BA30-4527-AA1A-1B6DFB0C3398}.Debug|Any CPU.Build.0 = Debug|Any CPU
		{D7EDACA5-BA30-4527-AA1A-1B6DFB0C3398}.Release|Any CPU.ActiveCfg = Release|Any CPU
		{D7EDACA5-BA30-4527-AA1A-1B6DFB0C3398}.Release|Any CPU.Build.0 = Release|Any CPU
	EndGlobalSection
	GlobalSection(SolutionProperties) = preSolution
		HideSolutionNode = FALSE
	EndGlobalSection
	GlobalSection(ExtensibilityGlobals) = postSolution
		SolutionGuid = {40E8B2B0-8DD3-4804-B375-E8661C194D8A}
	EndGlobalSection
EndGlobal
